
Microsoft Visual Studio Solution File, Format Version 12.00
# Visual Studio Version 17
VisualStudioVersion = 17.4.33110.190
MinimumVisualStudioVersion = 10.0.40219.1
Project("{FAE04EC0-301F-11D3-BF4B-00C04F79EFBC}") = "Task1", "Homework16\Task1.csproj", "{5C379948-6077-4404-BB32-34AC3D64423B}"
EndProject
Project("{FAE04EC0-301F-11D3-BF4B-00C04F79EFBC}") = "Task2", "Task2\Task2.csproj", "{2E40CD3E-8D2D-45D7-85DA-0A2BC152922A}"
EndProject
Global
	GlobalSection(SolutionConfigurationPlatforms) = preSolution
		Debug|Any CPU = Debug|Any CPU
		Release|Any CPU = Release|Any CPU
	EndGlobalSection
	GlobalSection(ProjectConfigurationPlatforms) = postSolution
		{5C379948-6077-4404-BB32-34AC3D64423B}.Debug|Any CPU.ActiveCfg = Debug|Any CPU
		{5C379948-6077-4404-BB32-34AC3D64423B}.Debug|Any CPU.Build.0 = Debug|Any CPU
		{5C379948-6077-4404-BB32-34AC3D64423B}.Release|Any CPU.ActiveCfg = Release|Any CPU
		{5C379948-6077-4404-BB32-34AC3D64423B}.Release|Any CPU.Build.0 = Release|Any CPU
		{2E40CD3E-8D2D-45D7-85DA-0A2BC152922A}.Debug|Any CPU.ActiveCfg = Debug|Any CPU
		{2E40CD3E-8D2D-45D7-85DA-0A2BC152922A}.Debug|Any CPU.Build.0 = Debug|Any CPU
		{2E40CD3E-8D2D-45D7-85DA-0A2BC152922A}.Release|Any CPU.ActiveCfg = Release|Any CPU
		{2E40CD3E-8D2D-45D7-85DA-0A2BC152922A}.Release|Any CPU.Build.0 = Release|Any CPU
	EndGlobalSection
	GlobalSection(SolutionProperties) = preSolution
		HideSolutionNode = FALSE
	EndGlobalSection
	GlobalSection(ExtensibilityGlobals) = postSolution
		SolutionGuid = {491AA69B-C8DD-4EDB-9B93-1519778CE25E}
	EndGlobalSection
EndGlobal
